PODS:
  - AFNetworking (1.3.3)
  - BlocksKit (1.8.3):
    - libffi
  - CocoaAsyncSocket (7.3.5)
  - CocoaHTTPServer (2.3):
    - CocoaAsyncSocket
    - CocoaLumberjack
  - CocoaLumberjack (1.7.0):
    - CocoaLumberjack/Core
    - CocoaLumberjack/Extensions
  - CocoaLumberjack/Core (1.7.0)
  - CocoaLumberjack/Extensions (1.7.0):
    - CocoaLumberjack/Core
  - DTCoreText (1.6.10):
    - DTFoundation/Core (~> 1.6.1)
    - DTFoundation/DTHTMLParser (~> 1.6.1)
    - DTFoundation/UIKit (~> 1.6.1)
  - DTFoundation/Core (1.6.3)
  - DTFoundation/DTHTMLParser (1.6.3):
    - DTFoundation/Core
  - DTFoundation/UIKit (1.6.3):
    - DTFoundation/Core
  - Expecta (0.3.0)
  - FXImageView (1.3.3)
  - libffi (3.0.13)
  - OCMock (2.2.4)
  - Reachability (3.1.1)
  - SBJson (3.1)
  - Specta (0.2.1)
  - VKFoundation (0.1.20):
    - BlocksKit (~> 1.8.3)
    - CocoaLumberjack (~> 1.7.0)
    - DTCoreText (= 1.6.10)
    - FXImageView (~> 1.3.3)
    - Reachability (~> 3.1.1)
    - SBJson (= 3.1)

DEPENDENCIES:
  - AFNetworking (= 1.3.3)
  - BlocksKit (~> 1.8.3)
  - CocoaHTTPServer
  - CocoaLumberjack (~> 1.7.0)
  - DTCoreText (= 1.6.10)
  - Expecta (~> 0.3.0)
  - OCMock (~> 2.2.1)
  - SBJson (= 3.1)
  - Specta (~> 0.2.1)
  - VKFoundation (from `https://github.com/viki-org/VKFoundation.git`)

EXTERNAL SOURCES:
  VKFoundation:
    :git: https://github.com/viki-org/VKFoundation.git

SPEC CHECKSUMS:
  AFNetworking: 61fdd49e2ffe6380378df37b3b6e70630bb9dd66
  BlocksKit: 19da99d68a19110f71738e362112e69f6a4ad050
  CocoaAsyncSocket: a3b6de9958961578b36eabb8e921efd95b13d80c
  CocoaHTTPServer: 7c2fce6617f7fda0e3f4fc34f96e562caa7c7bd8
  CocoaLumberjack: be87113f649942f020a37c061c58009b6ee5ff68
  DTCoreText: 39e316024954ef7e86c7fbfb5f0eee991f7211f1
  DTFoundation: 42939bcb968b331673ae4992289bf0f761b588a4
  Expecta: 322f1dc42610106a5ba9871b4924cf1635d80833
  FXImageView: 2c360e513710b81ac7db98f768fee2e8f36bcffb
  libffi: 64ef39353e747bb2b25e1026afd96a157bf9231c
  OCMock: 5008fae4b4789b8fc3e48cd7660f2eb5ef8ce89e
  Reachability: be4883bb93f31e38266ae3365e5600a317aae735
  SBJson: 14ba365e9aa1223b9f4967fa26510f7fd7f34629
  Specta: 2d06220591110c6d9757d8be8ecf8e63aa40dc2a
  VKFoundation: 73814d66460859224705aa1f0eb77ecd94a22032

COCOAPODS: 0.32.1
